
Microsoft Visual Studio Solution File, Format Version 12.00
# Visual Studio 15
VisualStudioVersion = 15.0.27703.2026
MinimumVisualStudioVersion = 10.0.40219.1
Project("{2150E333-8FDC-42A3-9474-1A3956D46DE8}") = "2 - Domain", "2 - Domain", "{412485D0-0D5D-427B-B999-6D6481F70C6D}"
EndProject
Project("{2150E333-8FDC-42A3-9474-1A3956D46DE8}") = "3 - Infra", "3 - Infra", "{3B83FD77-B4BF-4A3A-8785-695C6D12A278}"
EndProject
Project("{2150E333-8FDC-42A3-9474-1A3956D46DE8}") = "1 - Services", "1 - Services", "{9C11A51B-4A61-42F1-9F18-C03AF0CB39B7}"
EndProject
Project("{9A19103F-16F7-4668-BE54-9A1E7A4F7556}") = "IncomeTax.Domain", "IncomeTax.Domain\IncomeTax.Domain.csproj", "{F73CE950-FE1B-4D9D-8DEC-37270D07701E}"
EndProject
Project("{2150E333-8FDC-42A3-9474-1A3956D46DE8}") = "Data", "Data", "{76096CC1-89F6-4F2C-966F-F844FCB060D9}"
EndProject
Project("{9A19103F-16F7-4668-BE54-9A1E7A4F7556}") = "IncomeTax.Infra.Data", "IncomeTax.Infra.Data\IncomeTax.Infra.Data.csproj", "{6EC43CC3-94A5-4891-8618-43834C796316}"
EndProject
Project("{2150E333-8FDC-42A3-9474-1A3956D46DE8}") = "0 - Api", "0 - Api", "{1B4DD52B-CAEB-486C-885C-374FB12B6ED6}"
EndProject
Project("{2150E333-8FDC-42A3-9474-1A3956D46DE8}") = "5 - Tests", "5 - Tests", "{62DBA2D2-1212-4228-A55A-AE6532A0B65A}"
EndProject
Project("{2150E333-8FDC-42A3-9474-1A3956D46DE8}") = "4 - Ioc", "4 - Ioc", "{70C19840-CAC7-4491-AD69-D715F6905661}"
EndProject
Project("{9A19103F-16F7-4668-BE54-9A1E7A4F7556}") = "IncomeTax.Ioc", "IncomeTax.Ioc\IncomeTax.Ioc.csproj", "{43B8E427-6526-4768-BB5A-2FB69499E956}"
	ProjectSection(ProjectDependencies) = postProject
		{F73CE950-FE1B-4D9D-8DEC-37270D07701E} = {F73CE950-FE1B-4D9D-8DEC-37270D07701E}
		{6EC43CC3-94A5-4891-8618-43834C796316} = {6EC43CC3-94A5-4891-8618-43834C796316}
		{8A1C06EC-456B-461C-B213-BE35CEAB1BCB} = {8A1C06EC-456B-461C-B213-BE35CEAB1BCB}
	EndProjectSection
EndProject
Project("{9A19103F-16F7-4668-BE54-9A1E7A4F7556}") = "IncomeTax.API", "IncomeTax.API\IncomeTax.API.csproj", "{BAFE0FFC-F1EC-4E18-B22A-5887D6C522D6}"
	ProjectSection(ProjectDependencies) = postProject
		{43B8E427-6526-4768-BB5A-2FB69499E956} = {43B8E427-6526-4768-BB5A-2FB69499E956}
		{F73CE950-FE1B-4D9D-8DEC-37270D07701E} = {F73CE950-FE1B-4D9D-8DEC-37270D07701E}
		{6EC43CC3-94A5-4891-8618-43834C796316} = {6EC43CC3-94A5-4891-8618-43834C796316}
		{8A1C06EC-456B-461C-B213-BE35CEAB1BCB} = {8A1C06EC-456B-461C-B213-BE35CEAB1BCB}
	EndProjectSection
EndProject
Project("{9A19103F-16F7-4668-BE54-9A1E7A4F7556}") = "IncomeTax.Services", "IncomeTax.Services\IncomeTax.Services.csproj", "{8A1C06EC-456B-461C-B213-BE35CEAB1BCB}"
EndProject
Global
	GlobalSection(SolutionConfigurationPlatforms) = preSolution
		Debug|Any CPU = Debug|Any CPU
		Release|Any CPU = Release|Any CPU
	EndGlobalSection
	GlobalSection(ProjectConfigurationPlatforms) = postSolution
		{F73CE950-FE1B-4D9D-8DEC-37270D07701E}.Debug|Any CPU.ActiveCfg = Debug|Any CPU
		{F73CE950-FE1B-4D9D-8DEC-37270D07701E}.Debug|Any CPU.Build.0 = Debug|Any CPU
		{F73CE950-FE1B-4D9D-8DEC-37270D07701E}.Release|Any CPU.ActiveCfg = Release|Any CPU
		{F73CE950-FE1B-4D9D-8DEC-37270D07701E}.Release|Any CPU.Build.0 = Release|Any CPU
		{6EC43CC3-94A5-4891-8618-43834C796316}.Debug|Any CPU.ActiveCfg = Debug|Any CPU
		{6EC43CC3-94A5-4891-8618-43834C796316}.Debug|Any CPU.Build.0 = Debug|Any CPU
		{6EC43CC3-94A5-4891-8618-43834C796316}.Release|Any CPU.ActiveCfg = Release|Any CPU
		{6EC43CC3-94A5-4891-8618-43834C796316}.Release|Any CPU.Build.0 = Release|Any CPU
		{43B8E427-6526-4768-BB5A-2FB69499E956}.Debug|Any CPU.ActiveCfg = Debug|Any CPU
		{43B8E427-6526-4768-BB5A-2FB69499E956}.Debug|Any CPU.Build.0 = Debug|Any CPU
		{43B8E427-6526-4768-BB5A-2FB69499E956}.Release|Any CPU.ActiveCfg = Release|Any CPU
		{43B8E427-6526-4768-BB5A-2FB69499E956}.Release|Any CPU.Build.0 = Release|Any CPU
		{BAFE0FFC-F1EC-4E18-B22A-5887D6C522D6}.Debug|Any CPU.ActiveCfg = Debug|Any CPU
		{BAFE0FFC-F1EC-4E18-B22A-5887D6C522D6}.Debug|Any CPU.Build.0 = Debug|Any CPU
		{BAFE0FFC-F1EC-4E18-B22A-5887D6C522D6}.Release|Any CPU.ActiveCfg = Release|Any CPU
		{BAFE0FFC-F1EC-4E18-B22A-5887D6C522D6}.Release|Any CPU.Build.0 = Release|Any CPU
		{8A1C06EC-456B-461C-B213-BE35CEAB1BCB}.Debug|Any CPU.ActiveCfg = Debug|Any CPU
		{8A1C06EC-456B-461C-B213-BE35CEAB1BCB}.Debug|Any CPU.Build.0 = Debug|Any CPU
		{8A1C06EC-456B-461C-B213-BE35CEAB1BCB}.Release|Any CPU.ActiveCfg = Release|Any CPU
		{8A1C06EC-456B-461C-B213-BE35CEAB1BCB}.Release|Any CPU.Build.0 = Release|Any CPU
	EndGlobalSection
	GlobalSection(SolutionProperties) = preSolution
		HideSolutionNode = FALSE
	EndGlobalSection
	GlobalSection(NestedProjects) = preSolution
		{F73CE950-FE1B-4D9D-8DEC-37270D07701E} = {412485D0-0D5D-427B-B999-6D6481F70C6D}
		{76096CC1-89F6-4F2C-966F-F844FCB060D9} = {3B83FD77-B4BF-4A3A-8785-695C6D12A278}
		{6EC43CC3-94A5-4891-8618-43834C796316} = {76096CC1-89F6-4F2C-966F-F844FCB060D9}
		{43B8E427-6526-4768-BB5A-2FB69499E956} = {70C19840-CAC7-4491-AD69-D715F6905661}
		{BAFE0FFC-F1EC-4E18-B22A-5887D6C522D6} = {1B4DD52B-CAEB-486C-885C-374FB12B6ED6}
		{8A1C06EC-456B-461C-B213-BE35CEAB1BCB} = {9C11A51B-4A61-42F1-9F18-C03AF0CB39B7}
	EndGlobalSection
	GlobalSection(ExtensibilityGlobals) = postSolution
		SolutionGuid = {4797CFDC-EF12-4F1B-9D6A-7C33523FB7C2}
	EndGlobalSection
EndGlobal
